{
  "requires": true,
  "lockfileVersion": 1,
  "dependencies": {
    "lowdown-networkninjadh": {
      "version": "1.0.0",
      "resolved": "https://registry.npmjs.org/lowdown-networkninjadh/-/lowdown-networkninjadh-1.0.0.tgz",
      "integrity": "sha512-KzJJup7wlwP9PTzo0gEp70LyFpY4z/UXql7575+CWMhk8Q309r+ghLLtO59OpCcogtDhC7gR9A3kYl8SDa/viA=="
    }
  }
}
